
Microsoft Visual Studio Solution File, Format Version 12.00
# Visual Studio Version 17
VisualStudioVersion = 17.5.33516.290
MinimumVisualStudioVersion = 10.0.40219.1
Project("{FAE04EC0-301F-11D3-BF4B-00C04F79EFBC}") = "TestePDFPUppeter", "TestePDFPUppeter\TestePDFPUppeter.csproj", "{9FA91906-12B0-4DC0-9CCD-AF417788BBEA}"
EndProject
Project("{FAE04EC0-301F-11D3-BF4B-00C04F79EFBC}") = "PDFPW", "PDFPW\PDFPW.csproj", "{91C94BB5-99DC-488C-B044-F069EE2C6B4A}"
EndProject
Global
	GlobalSection(SolutionConfigurationPlatforms) = preSolution
		Debug|Any CPU = Debug|Any CPU
		Release|Any CPU = Release|Any CPU
	EndGlobalSection
	GlobalSection(ProjectConfigurationPlatforms) = postSolution
		{9FA91906-12B0-4DC0-9CCD-AF417788BBEA}.Debug|Any CPU.ActiveCfg = Debug|Any CPU
		{9FA91906-12B0-4DC0-9CCD-AF417788BBEA}.Debug|Any CPU.Build.0 = Debug|Any CPU
		{9FA91906-12B0-4DC0-9CCD-AF417788BBEA}.Release|Any CPU.ActiveCfg = Release|Any CPU
		{9FA91906-12B0-4DC0-9CCD-AF417788BBEA}.Release|Any CPU.Build.0 = Release|Any CPU
		{91C94BB5-99DC-488C-B044-F069EE2C6B4A}.Debug|Any CPU.ActiveCfg = Debug|Any CPU
		{91C94BB5-99DC-488C-B044-F069EE2C6B4A}.Debug|Any CPU.Build.0 = Debug|Any CPU
		{91C94BB5-99DC-488C-B044-F069EE2C6B4A}.Release|Any CPU.ActiveCfg = Release|Any CPU
		{91C94BB5-99DC-488C-B044-F069EE2C6B4A}.Release|Any CPU.Build.0 = Release|Any CPU
	EndGlobalSection
	GlobalSection(SolutionProperties) = preSolution
		HideSolutionNode = FALSE
	EndGlobalSection
	GlobalSection(ExtensibilityGlobals) = postSolution
		SolutionGuid = {CC0B6A06-D18F-4FD4-AE2E-1BF92D07D512}
	EndGlobalSection
EndGlobal
